// !$*UTF8*$!
{
	archiveVersion = 1;
	classes = {
	};
	objectVersion = 50;
	objects = {

/* Begin PBXBuildFile section */
		A2F5819B22E0957500866B4C /* AppDelegate.swift in Sources */ = {isa = PBXBuildFile; fileRef = A2F5819A22E0957500866B4C /* AppDelegate.swift */; };
		A2F5819D22E0957500866B4C /* ViewController.swift in Sources */ = {isa = PBXBuildFile; fileRef = A2F5819C22E0957500866B4C /* ViewController.swift */; };
		A2F581A022E0957500866B4C /* Main.storyboard in Resources */ = {isa = PBXBuildFile; fileRef = A2F5819E22E0957500866B4C /* Main.storyboard */; };
		A2F581A222E0957600866B4C /* Assets.xcassets in Resources */ = {isa = PBXBuildFile; fileRef = A2F581A122E0957600866B4C /* Assets.xcassets */; };
		A2F581A522E0957600866B4C /* LaunchScreen.storyboard in Resources */ = {isa = PBXBuildFile; fileRef = A2F581A322E0957600866B4C /* LaunchScreen.storyboard */; };
		A2F581AE22E0958F00866B4C /* AudioPlayer.swift in Sources */ = {isa = PBXBuildFile; fileRef = A2F581AD22E0958F00866B4C /* AudioPlayer.swift */; };
		A2F581B022E0C2E900866B4C /* test.mp3 in Resources */ = {isa = PBXBuildFile; fileRef = A2F581AF22E0C2E900866B4C /* test.mp3 */; };
/* End PBXBuildFile section */

/* Begin PBXFileReference section */
		A2F5819722E0957500866B4C /* SJAudioPlayer.app */ = {isa = PBXFileReference; explicitFileType = wrapper.application; includeInIndex = 0; path = SJAudioPlayer.app; sourceTree = BUILT_PRODUCTS_DIR; };
		A2F5819A22E0957500866B4C /* AppDelegate.swift */ = {isa = PBXFileReference; lastKnownFileType = sourcecode.swift; path = AppDelegate.swift; sourceTree = "<group>"; };
		A2F5819C22E0957500866B4C /* ViewController.swift */ = {isa = PBXFileReference; lastKnownFileType = sourcecode.swift; path = ViewController.swift; sourceTree = "<group>"; };
		A2F5819F22E0957500866B4C /* Base */ = {isa = PBXFileReference; lastKnownFileType = file.storyboard; name = Base; path = Base.lproj/Main.storyboard; sourceTree = "<group>"; };
		A2F581A122E0957600866B4C /* Assets.xcassets */ = {isa = PBXFileReference; lastKnownFileType = folder.assetcatalog; path = Assets.xcassets; sourceTree = "<group>"; };
		A2F581A422E0957600866B4C /* Base */ = {isa = PBXFileReference; lastKnownFileType = file.storyboard; name = Base; path = Base.lproj/LaunchScreen.storyboard; sourceTree = "<group>"; };
		A2F581A622E0957600866B4C /* Info.plist */ = {isa = PBXFileReference; lastKnownFileType = text.plist.xml; path = Info.plist; sourceTree = "<group>"; };
		A2F581AD22E0958F00866B4C /* AudioPlayer.swift */ = {isa = PBXFileReference; fileEncoding = 4; lastKnownFileType = sourcecode.swift; path = AudioPlayer.swift; sourceTree = "<group>"; };
		A2F581AF22E0C2E900866B4C /* test.mp3 */ = {isa = PBXFileReference; lastKnownFileType = audio.mp3; path = test.mp3; sourceTree = "<group>"; };
/* End PBXFileReference section */

/* Begin PBXFrameworksBuildPhase section */
		A2F5819422E0957500866B4C /* Frameworks */ = {
			isa = PBXFrameworksBuildPhase;
			buildActionMask = 2147483647;
			files = (
			);
			runOnlyForDeploymentPostprocessing = 0;
		};
/* End PBXFrameworksBuildPhase section */

/* Begin PBXGroup section */
		A2F5818E22E0957500866B4C = {
			isa = PBXGroup;
			children = (
				A2F5819922E0957500866B4C /* SJAudioPlayer */,
				A2F5819822E0957500866B4C /* Products */,
			);
			sourceTree = "<group>";
		};
		A2F5819822E0957500866B4C /* Products */ = {
			isa = PBXGroup;
			children = (
				A2F5819722E0957500866B4C /* SJAudioPlayer.app */,
			);
			name = Products;
			sourceTree = "<group>";
		};
		A2F5819922E0957500866B4C /* SJAudioPlayer */ = {
			isa = PBXGroup;
			children = (
				A2F581B122E0C2ED00866B4C /* Resource */,
				A2F581AC22E0957A00866B4C /* AudioPlayer */,
				A2F5819A22E0957500866B4C /* AppDelegate.swift */,
				A2F5819C22E0957500866B4C /* ViewController.swift */,
				A2F5819E22E0957500866B4C /* Main.storyboard */,
				A2F581A122E0957600866B4C /* Assets.xcassets */,
				A2F581A322E0957600866B4C /* LaunchScreen.storyboard */,
				A2F581A622E0957600866B4C /* Info.plist */,
			);
			path = SJAudioPlayer;
			sourceTree = "<group>";
		};
		A2F581AC22E0957A00866B4C /* AudioPlayer */ = {
			isa = PBXGroup;
			children = (
				A2F581AD22E0958F00866B4C /* AudioPlayer.swift */,
			);
			path = AudioPlayer;
			sourceTree = "<group>";
		};
		A2F581B122E0C2ED00866B4C /* Resource */ = {
			isa = PBXGroup;
			children = (
				A2F581AF22E0C2E900866B4C /* test.mp3 */,
			);
			path = Resource;
			sourceTree = "<group>";
		};
/* End PBXGroup section */

/* Begin PBXNativeTarget section */
		A2F5819622E0957500866B4C /* SJAudioPlayer */ = {
			isa = PBXNativeTarget;
			buildConfigurationList = A2F581A922E0957600866B4C /* Build configuration list for PBXNativeTarget "SJAudioPlayer" */;
			buildPhases = (
				A2F5819322E0957500866B4C /* Sources */,
				A2F5819422E0957500866B4C /* Frameworks */,
				A2F5819522E0957500866B4C /* Resources */,
			);
			buildRules = (
			);
			dependencies = (
			);
			name = SJAudioPlayer;
			productName = SJAudioPlayer;
			productReference = A2F5819722E0957500866B4C /* SJAudioPlayer.app */;
			productType = "com.apple.product-type.application";
		};
/* End PBXNativeTarget section */

/* Begin PBXProject section */
		A2F5818F22E0957500866B4C /* Project object */ = {
			isa = PBXProject;
			attributes = {
				LastSwiftUpdateCheck = 1020;
				LastUpgradeCheck = 1020;
				ORGANIZATIONNAME = com.zsj.sjAudioPlayer;
				TargetAttributes = {
					A2F5819622E0957500866B4C = {
						CreatedOnToolsVersion = 10.2.1;
					};
				};
			};
			buildConfigurationList = A2F5819222E0957500866B4C /* Build configuration list for PBXProject "SJAudioPlayer" */;
			compatibilityVersion = "Xcode 9.3";
			developmentRegion = en;
			hasScannedForEncodings = 0;
			knownRegions = (
				en,
				Base,
			);
			mainGroup = A2F5818E22E0957500866B4C;
			productRefGroup = A2F5819822E0957500866B4C /* Products */;
			projectDirPath = "";
			projectRoot = "";
			targets = (
				A2F5819622E0957500866B4C /* SJAudioPlayer */,
			);
		};
/* End PBXProject section */

/* Begin PBXResourcesBuildPhase section */
		A2F5819522E0957500866B4C /* Resources */ = {
			isa = PBXResourcesBuildPhase;
			buildActionMask = 2147483647;
			files = (
				A2F581A522E0957600866B4C /* LaunchScreen.storyboard in Resources */,
				A2F581A222E0957600866B4C /* Assets.xcassets in Resources */,
				A2F581B022E0C2E900866B4C /* test.mp3 in Resources */,
				A2F581A022E0957500866B4C /* Main.storyboard in Resources */,
			);
			runOnlyForDeploymentPostprocessing = 0;
		};
/* End PBXResourcesBuildPhase section */

/* Begin PBXSourcesBuildPhase section */
		A2F5819322E0957500866B4C /* Sources */ = {
			isa = PBXSourcesBuildPhase;
			buildActionMask = 2147483647;
			files = (
				A2F5819D22E0957500866B4C /* ViewController.swift in Sources */,
				A2F5819B22E0957500866B4C /* AppDelegate.swift in Sources */,
				A2F581AE22E0958F00866B4C /* AudioPlayer.swift in Sources */,
			);
			runOnlyForDeploymentPostprocessing = 0;
		};
/* End PBXSourcesBuildPhase section */

/* Begin PBXVariantGroup section */
		A2F5819E22E0957500866B4C /* Main.storyboard */ = {
			isa = PBXVariantGroup;
			children = (
				A2F5819F22E0957500866B4C /* Base */,
			);
			name = Main.storyboard;
			sourceTree = "<group>";
		};
		A2F581A322E0957600866B4C /* LaunchScreen.storyboard */ = {
			isa = PBXVariantGroup;
			children = (
				A2F581A422E0957600866B4C /* Base */,
			);
			name = LaunchScreen.storyboard;
			sourceTree = "<group>";
		};
/* End PBXVariantGroup section */

/* Begin XCBuildConfiguration section */
		A2F581A722E0957600866B4C /* Debug */ = {
			isa = XCBuildConfiguration;
			buildSettings = {
				ALWAYS_SEARCH_USER_PATHS = NO;
				CLANG_ANALYZER_NONNULL = YES;
				CLANG_ANALYZER_NUMBER_OBJECT_CONVERSION = YES_AGGRESSIVE;
				CLANG_CXX_LANGUAGE_STANDARD = "gnu++14";
				CLANG_CXX_LIBRARY = "libc++";
				CLANG_ENABLE_MODULES = YES;
				CLANG_ENABLE_OBJC_ARC = YES;
				CLANG_ENABLE_OBJC_WEAK = YES;
				CLANG_WARN_BLOCK_CAPTURE_AUTORELEASING = YES;
				CLANG_WARN_BOOL_CONVERSION = YES;
				CLANG_WARN_COMMA = YES;
				CLANG_WARN_CONSTANT_CONVERSION = YES;
				CLANG_WARN_DEPRECATED_OBJC_IMPLEMENTATIONS = YES;
				CLANG_WARN_DIRECT_OBJC_ISA_USAGE = YES_ERROR;
				CLANG_WARN_DOCUMENTATION_COMMENTS = YES;
				CLANG_WARN_EMPTY_BODY = YES;
				CLANG_WARN_ENUM_CONVERSION = YES;
				CLANG_WARN_INFINITE_RECURSION = YES;
				CLANG_WARN_INT_CONVERSION = YES;
				CLANG_WARN_NON_LITERAL_NULL_CONVERSION = YES;
				CLANG_WARN_OBJC_IMPLICIT_RETAIN_SELF = YES;
				CLANG_WARN_OBJC_LITERAL_CONVERSION = YES;
				CLANG_WARN_OBJC_ROOT_CLASS = YES_ERROR;
				CLANG_WARN_RANGE_LOOP_ANALYSIS = YES;
				CLANG_WARN_STRICT_PROTOTYPES = YES;
				CLANG_WARN_SUSPICIOUS_MOVE = YES;
				CLANG_WARN_UNGUARDED_AVAILABILITY = YES_AGGRESSIVE;
				CLANG_WARN_UNREACHABLE_CODE = YES;
				CLANG_WARN__DUPLICATE_METHOD_MATCH = YES;
				CODE_SIGN_IDENTITY = "iPhone Developer";
				COPY_PHASE_STRIP = NO;
				DEBUG_INFORMATION_FORMAT = dwarf;
				ENABLE_STRICT_OBJC_MSGSEND = YES;
				ENABLE_TESTABILITY = YES;
				GCC_C_LANGUAGE_STANDARD = gnu11;
				GCC_DYNAMIC_NO_PIC = NO;
				GCC_NO_COMMON_BLOCKS = YES;
				GCC_OPTIMIZATION_LEVEL = 0;
				GCC_PREPROCESSOR_DEFINITIONS = (
					"DEBUG=1",
					"$(inherited)",
				);
				GCC_WARN_64_TO_32_BIT_CONVERSION = YES;
				GCC_WARN_ABOUT_RETURN_TYPE = YES_ERROR;
				GCC_WARN_UNDECLARED_SELECTOR = YES;
				GCC_WARN_UNINITIALIZED_AUTOS = YES_AGGRESSIVE;
				GCC_WARN_UNUSED_FUNCTION = YES;
				GCC_WARN_UNUSED_VARIABLE = YES;
				IPHONEOS_DEPLOYMENT_TARGET = 12.2;
				MTL_ENABLE_DEBUG_INFO = INCLUDE_SOURCE;
				MTL_FAST_MATH = YES;
				ONLY_ACTIVE_ARCH = YES;
				SDKROOT = iphoneos;
				SWIFT_ACTIVE_COMPILATION_CONDITIONS = DEBUG;
				SWIFT_OPTIMIZATION_LEVEL = "-Onone";
			};
			name = Debug;
		};
		A2F581A822E0957600866B4C /* Release */ = {
			isa = XCBuildConfiguration;
			buildSettings = {
				ALWAYS_SEARCH_USER_PATHS = NO;
				CLANG_ANALYZER_NONNULL = YES;
				CLANG_ANALYZER_NUMBER_OBJECT_CONVERSION = YES_AGGRESSIVE;
				CLANG_CXX_LANGUAGE_STANDARD = "gnu++14";
				CLANG_CXX_LIBRARY = "libc++";
				CLANG_ENABLE_MODULES = YES;
				CLANG_ENABLE_OBJC_ARC = YES;
				CLANG_ENABLE_OBJC_WEAK = YES;
				CLANG_WARN_BLOCK_CAPTURE_AUTORELEASING = YES;
				CLANG_WARN_BOOL_CONVERSION = YES;
				CLANG_WARN_COMMA = YES;
				CLANG_WARN_CONSTANT_CONVERSION = YES;
				CLANG_WARN_DEPRECATED_OBJC_IMPLEMENTATIONS = YES;
				CLANG_WARN_DIRECT_OBJC_ISA_USAGE = YES_ERROR;
				CLANG_WARN_DOCUMENTATION_COMMENTS = YES;
				CLANG_WARN_EMPTY_BODY = YES;
				CLANG_WARN_ENUM_CONVERSION = YES;
				CLANG_WARN_INFINITE_RECURSION = YES;
				CLANG_WARN_INT_CONVERSION = YES;
				CLANG_WARN_NON_LITERAL_NULL_CONVERSION = YES;
				CLANG_WARN_OBJC_IMPLICIT_RETAIN_SELF = YES;
				CLANG_WARN_OBJC_LITERAL_CONVERSION = YES;
				CLANG_WARN_OBJC_ROOT_CLASS = YES_ERROR;
				CLANG_WARN_RANGE_LOOP_ANALYSIS = YES;
				CLANG_WARN_STRICT_PROTOTYPES = YES;
				CLANG_WARN_SUSPICIOUS_MOVE = YES;
				CLANG_WARN_UNGUARDED_AVAILABILITY = YES_AGGRESSIVE;
				CLANG_WARN_UNREACHABLE_CODE = YES;
				CLANG_WARN__DUPLICATE_METHOD_MATCH = YES;
				CODE_SIGN_IDENTITY = "iPhone Developer";
				COPY_PHASE_STRIP = NO;
				DEBUG_INFORMATION_FORMAT = "dwarf-with-dsym";
				ENABLE_NS_ASSERTIONS = NO;
				ENABLE_STRICT_OBJC_MSGSEND = YES;
				GCC_C_LANGUAGE_STANDARD = gnu11;
				GCC_NO_COMMON_BLOCKS = YES;
				GCC_WARN_64_TO_32_BIT_CONVERSION = YES;
				GCC_WARN_ABOUT_RETURN_TYPE = YES_ERROR;
				GCC_WARN_UNDECLARED_SELECTOR = YES;
				GCC_WARN_UNINITIALIZED_AUTOS = YES_AGGRESSIVE;
				GCC_WARN_UNUSED_FUNCTION = YES;
				GCC_WARN_UNUSED_VARIABLE = YES;
				IPHONEOS_DEPLOYMENT_TARGET = 12.2;
				MTL_ENABLE_DEBUG_INFO = NO;
				MTL_FAST_MATH = YES;
				SDKROOT = iphoneos;
				SWIFT_COMPILATION_MODE = wholemodule;
				SWIFT_OPTIMIZATION_LEVEL = "-O";
				VALIDATE_PRODUCT = YES;
			};
			name = Release;
		};
		A2F581AA22E0957600866B4C /* Debug */ = {
			isa = XCBuildConfiguration;
			buildSettings = {
				ASSETCATALOG_COMPILER_APPICON_NAME = AppIcon;
				CODE_SIGN_STYLE = Manual;
				DEVELOPMENT_TEAM = "";
				INFOPLIST_FILE = SJAudioPlayer/Info.plist;
				LD_RUNPATH_SEARCH_PATHS = (
					"$(inherited)",
					"@executable_path/Frameworks",
				);
				PRODUCT_BUNDLE_IDENTIFIER = com.zsj.SJAudioPlayer;
				PRODUCT_NAME = "$(TARGET_NAME)";
				PROVISIONING_PROFILE_SPECIFIER = "";
				SWIFT_VERSION = 5.0;
				TARGETED_DEVICE_FAMILY = "1,2";
			};
			name = Debug;
		};
		A2F581AB22E0957600866B4C /* Release */ = {
			isa = XCBuildConfiguration;
			buildSettings = {
				ASSETCATALOG_COMPILER_APPICON_NAME = AppIcon;
				CODE_SIGN_STYLE = Manual;
				DEVELOPMENT_TEAM = "";
				INFOPLIST_FILE = SJAudioPlayer/Info.plist;
				LD_RUNPATH_SEARCH_PATHS = (
					"$(inherited)",
					"@executable_path/Frameworks",
				);
				PRODUCT_BUNDLE_IDENTIFIER = com.zsj.SJAudioPlayer;
				PRODUCT_NAME = "$(TARGET_NAME)";
				PROVISIONING_PROFILE_SPECIFIER = "";
				SWIFT_VERSION = 5.0;
				TARGETED_DEVICE_FAMILY = "1,2";
			};
			name = Release;
		};
/* End XCBuildConfiguration section */

/* Begin XCConfigurationList section */
		A2F5819222E0957500866B4C /* Build configuration list for PBXProject "SJAudioPlayer" */ = {
			isa = XCConfigurationList;
			buildConfigurations = (
				A2F581A722E0957600866B4C /* Debug */,
				A2F581A822E0957600866B4C /* Release */,
			);
			defaultConfigurationIsVisible = 0;
			defaultConfigurationName = Release;
		};
		A2F581A922E0957600866B4C /* Build configuration list for PBXNativeTarget "SJAudioPlayer" */ = {
			isa = XCConfigurationList;
			buildConfigurations = (
				A2F581AA22E0957600866B4C /* Debug */,
				A2F581AB22E0957600866B4C /* Release */,
			);
			defaultConfigurationIsVisible = 0;
			defaultConfigurationName = Release;
		};
/* End XCConfigurationList section */
	};
	rootObject = A2F5818F22E0957500866B4C /* Project object */;
}
